
Microsoft Visual Studio Solution File, Format Version 12.00
# Visual Studio Version 17
VisualStudioVersion = 17.1.32421.90
MinimumVisualStudioVersion = 10.0.40219.1
Project("{FAE04EC0-301F-11D3-BF4B-00C04F79EFBC}") = "WinFormsApp1", "WinFormsApp1\WinFormsApp1.csproj", "{2EA5261C-7406-4A6A-806E-EC29038D1038}"
EndProject
Global
	GlobalSection(SolutionConfigurationPlatforms) = preSolution
		Debug|Any CPU = Debug|Any CPU
		Release|Any CPU = Release|Any CPU
	EndGlobalSection
	GlobalSection(ProjectConfigurationPlatforms) = postSolution
		{2EA5261C-7406-4A6A-806E-EC29038D1038}.Debug|Any CPU.ActiveCfg = Debug|Any CPU
		{2EA5261C-7406-4A6A-806E-EC29038D1038}.Debug|Any CPU.Build.0 = Debug|Any CPU
		{2EA5261C-7406-4A6A-806E-EC29038D1038}.Release|Any CPU.ActiveCfg = Release|Any CPU
		{2EA5261C-7406-4A6A-806E-EC29038D1038}.Release|Any CPU.Build.0 = Release|Any CPU
	EndGlobalSection
	GlobalSection(SolutionProperties) = preSolution
		HideSolutionNode = FALSE
	EndGlobalSection
	GlobalSection(ExtensibilityGlobals) = postSolution
		SolutionGuid = {D89C2AF1-777B-4745-A9B2-D8B3DE47D7ED}
	EndGlobalSection
EndGlobal
